<?xml version="1.0" encoding="utf-8"?>
<!--
xmake version 2.6.7+dev.a3f81d902

  This file is auto generated by xmake.

  Please DO NOT EDIT since all your modification will lost after re-generation.
  See https://github.com/xmake-io/xmake/pull/472 for more infomation.
-->
<Project ToolsVersion="4.0" xmlns="http://schemas.microsoft.com/developer/msbuild/2003">
  <ItemGroup>
    <Filter Include="Properties">
      <UniqueIdentifier>{CC7C6180-942D-056E-3227-E6A2B3FB19CD}</UniqueIdentifier>
    </Filter>
    <Filter Include="src">
      <UniqueIdentifier>{491FBF00-292E-479F-8C8F-7A2AC045023A}</UniqueIdentifier>
    </Filter>
    <Filter Include="src\Runtime">
      <UniqueIdentifier>{A06C522A-08BA-462A-988E-250174499E75}</UniqueIdentifier>
    </Filter>
    <Filter Include="src\Runtime\Mesh">
      <UniqueIdentifier>{825BAA07-186D-409C-8FE8-2759B4D88A44}</UniqueIdentifier>
    </Filter>
    <Filter Include="src\Runtime\RHI">
      <UniqueIdentifier>{E7C0F98A-CE7B-4676-BD4E-5375DF3C2E19}</UniqueIdentifier>
    </Filter>
    <Filter Include="src\Runtime\RHI\OpenGL">
      <UniqueIdentifier>{9D5C931F-2C3F-448F-8424-2C46EA14CA01}</UniqueIdentifier>
    </Filter>
    <Filter Include="src\Runtime\Render">
      <UniqueIdentifier>{24BF1E10-ED59-4D76-9947-10B0F913E8DE}</UniqueIdentifier>
    </Filter>
    <Filter Include="src\Runtime\Utils">
      <UniqueIdentifier>{80121F72-27FB-4AA4-9768-0DE6A0E77B08}</UniqueIdentifier>
    </Filter>
    <Filter Include="src\ThirdParty">
      <UniqueIdentifier>{68C6438C-6C3D-432D-A9E6-B9BD4264CDF1}</UniqueIdentifier>
    </Filter>
    <Filter Include="src\ThirdParty\stb_image">
      <UniqueIdentifier>{A2F18644-A245-4971-A91A-5E740A130E40}</UniqueIdentifier>
    </Filter>

  </ItemGroup>
  <ItemGroup>
    <None Include="$(MSBuildProjectDirectory)\Xmake.Custom.props">
      <Filter>Properties</Filter>
    </None>
    <None Include="$(MSBuildProjectDirectory)\Xmake.Custom.targets">
      <Filter>Properties</Filter>
    </None>
    <None Include="$(MSBuildProjectDirectory)\Xmake.Custom.items">
      <Filter>Properties</Filter>
    </None>
    <None Include="$(MSBuildProjectDirectory)\Xmake.Custom.items.filters">
      <Filter>Properties</Filter>
    </None>
    <None Include="$(XmakeScriptDir)\xmake.lua">
      <Filter>Properties</Filter>
    </None>
  </ItemGroup>
  <ItemGroup>
    <ClInclude Include="$(XmakeProjectDir)\src\Runtime\Mesh\Mesh.h">
      <Filter>src\Runtime\Mesh</Filter>
    </ClInclude>
    <ClInclude Include="$(XmakeProjectDir)\src\Runtime\Mesh\Model.h">
      <Filter>src\Runtime\Mesh</Filter>
    </ClInclude>
    <ClInclude Include="$(XmakeProjectDir)\src\Runtime\RHI\FrameBuffer.h">
      <Filter>src\Runtime\RHI</Filter>
    </ClInclude>
    <ClInclude Include="$(XmakeProjectDir)\src\Runtime\RHI\GraphicsContext.h">
      <Filter>src\Runtime\RHI</Filter>
    </ClInclude>
    <ClInclude Include="$(XmakeProjectDir)\src\Runtime\RHI\IndexBuffer.h">
      <Filter>src\Runtime\RHI</Filter>
    </ClInclude>
    <ClInclude Include="$(XmakeProjectDir)\src\Runtime\RHI\OpenGL\GL_ElementBuffer.h">
      <Filter>src\Runtime\RHI\OpenGL</Filter>
    </ClInclude>
    <ClInclude Include="$(XmakeProjectDir)\src\Runtime\RHI\OpenGL\GL_Framebuffer.h">
      <Filter>src\Runtime\RHI\OpenGL</Filter>
    </ClInclude>
    <ClInclude Include="$(XmakeProjectDir)\src\Runtime\RHI\OpenGL\GL_IndexBuffer.h">
      <Filter>src\Runtime\RHI\OpenGL</Filter>
    </ClInclude>
    <ClInclude Include="$(XmakeProjectDir)\src\Runtime\RHI\OpenGL\GL_Shader.h">
      <Filter>src\Runtime\RHI\OpenGL</Filter>
    </ClInclude>
    <ClInclude Include="$(XmakeProjectDir)\src\Runtime\RHI\OpenGL\GL_State.h">
      <Filter>src\Runtime\RHI\OpenGL</Filter>
    </ClInclude>
    <ClInclude Include="$(XmakeProjectDir)\src\Runtime\RHI\OpenGL\GL_Texture.h">
      <Filter>src\Runtime\RHI\OpenGL</Filter>
    </ClInclude>
    <ClInclude Include="$(XmakeProjectDir)\src\Runtime\RHI\OpenGL\GL_Utils.h">
      <Filter>src\Runtime\RHI\OpenGL</Filter>
    </ClInclude>
    <ClInclude Include="$(XmakeProjectDir)\src\Runtime\RHI\OpenGL\GL_VertexArray.h">
      <Filter>src\Runtime\RHI\OpenGL</Filter>
    </ClInclude>
    <ClInclude Include="$(XmakeProjectDir)\src\Runtime\RHI\OpenGL\GL_VertexBuffer.h">
      <Filter>src\Runtime\RHI\OpenGL</Filter>
    </ClInclude>
    <ClInclude Include="$(XmakeProjectDir)\src\Runtime\RHI\RenderEnum.h">
      <Filter>src\Runtime\RHI</Filter>
    </ClInclude>
    <ClInclude Include="$(XmakeProjectDir)\src\Runtime\RHI\RenderPass.h">
      <Filter>src\Runtime\RHI</Filter>
    </ClInclude>
    <ClInclude Include="$(XmakeProjectDir)\src\Runtime\RHI\RenderState.h">
      <Filter>src\Runtime\RHI</Filter>
    </ClInclude>
    <ClInclude Include="$(XmakeProjectDir)\src\Runtime\RHI\RenderUtils.h">
      <Filter>src\Runtime\RHI</Filter>
    </ClInclude>
    <ClInclude Include="$(XmakeProjectDir)\src\Runtime\RHI\Shader.h">
      <Filter>src\Runtime\RHI</Filter>
    </ClInclude>
    <ClInclude Include="$(XmakeProjectDir)\src\Runtime\RHI\UniformBuffer.h">
      <Filter>src\Runtime\RHI</Filter>
    </ClInclude>
    <ClInclude Include="$(XmakeProjectDir)\src\Runtime\RHI\VertexArray.h">
      <Filter>src\Runtime\RHI</Filter>
    </ClInclude>
    <ClInclude Include="$(XmakeProjectDir)\src\Runtime\RHI\VertexBuffer.h">
      <Filter>src\Runtime\RHI</Filter>
    </ClInclude>
    <ClInclude Include="$(XmakeProjectDir)\src\Runtime\Render\DefaultSetting.h">
      <Filter>src\Runtime\Render</Filter>
    </ClInclude>
    <ClInclude Include="$(XmakeProjectDir)\src\Runtime\Render\DeferRender.h">
      <Filter>src\Runtime\Render</Filter>
    </ClInclude>
    <ClInclude Include="$(XmakeProjectDir)\src\Runtime\Render\MyRender.h">
      <Filter>src\Runtime\Render</Filter>
    </ClInclude>
    <ClInclude Include="$(XmakeProjectDir)\src\Runtime\Render\RenderState.h">
      <Filter>src\Runtime\Render</Filter>
    </ClInclude>
    <ClInclude Include="$(XmakeProjectDir)\src\Runtime\Render\Window.h">
      <Filter>src\Runtime\Render</Filter>
    </ClInclude>
    <ClInclude Include="$(XmakeProjectDir)\src\Runtime\Utils\Singleton.h">
      <Filter>src\Runtime\Utils</Filter>
    </ClInclude>
    <ClInclude Include="$(XmakeProjectDir)\src\ThirdParty\stb_image\stb_image.h">
      <Filter>src\ThirdParty\stb_image</Filter>
    </ClInclude>


  </ItemGroup>
  <ItemGroup>

    <ClCompile Include="$(XmakeProjectDir)\src\Runtime\Mesh\Mesh.cpp">
      <Filter>src\Runtime\Mesh</Filter>
    </ClCompile>
    <ClCompile Include="$(XmakeProjectDir)\src\Runtime\Mesh\Model.cpp">
      <Filter>src\Runtime\Mesh</Filter>
    </ClCompile>
    <ClCompile Include="$(XmakeProjectDir)\src\Runtime\RHI\FrameBuffer.cpp">
      <Filter>src\Runtime\RHI</Filter>
    </ClCompile>
    <ClCompile Include="$(XmakeProjectDir)\src\Runtime\RHI\GraphicsContext.cpp">
      <Filter>src\Runtime\RHI</Filter>
    </ClCompile>
    <ClCompile Include="$(XmakeProjectDir)\src\Runtime\RHI\IndexBuffer.cpp">
      <Filter>src\Runtime\RHI</Filter>
    </ClCompile>
    <ClCompile Include="$(XmakeProjectDir)\src\Runtime\RHI\OpenGL\GL_ElementBuffer.cpp">
      <Filter>src\Runtime\RHI\OpenGL</Filter>
    </ClCompile>
    <ClCompile Include="$(XmakeProjectDir)\src\Runtime\RHI\OpenGL\GL_Framebuffer.cpp">
      <Filter>src\Runtime\RHI\OpenGL</Filter>
    </ClCompile>
    <ClCompile Include="$(XmakeProjectDir)\src\Runtime\RHI\OpenGL\GL_IndexBuffer.cpp">
      <Filter>src\Runtime\RHI\OpenGL</Filter>
    </ClCompile>
    <ClCompile Include="$(XmakeProjectDir)\src\Runtime\RHI\OpenGL\GL_Shader.cpp">
      <Filter>src\Runtime\RHI\OpenGL</Filter>
    </ClCompile>
    <ClCompile Include="$(XmakeProjectDir)\src\Runtime\RHI\OpenGL\GL_State.cpp">
      <Filter>src\Runtime\RHI\OpenGL</Filter>
    </ClCompile>
    <ClCompile Include="$(XmakeProjectDir)\src\Runtime\RHI\OpenGL\GL_Texture.cpp">
      <Filter>src\Runtime\RHI\OpenGL</Filter>
    </ClCompile>
    <ClCompile Include="$(XmakeProjectDir)\src\Runtime\RHI\OpenGL\GL_Utils.cpp">
      <Filter>src\Runtime\RHI\OpenGL</Filter>
    </ClCompile>
    <ClCompile Include="$(XmakeProjectDir)\src\Runtime\RHI\OpenGL\GL_VertexArray.cpp">
      <Filter>src\Runtime\RHI\OpenGL</Filter>
    </ClCompile>
    <ClCompile Include="$(XmakeProjectDir)\src\Runtime\RHI\OpenGL\GL_VertexBuffer.cpp">
      <Filter>src\Runtime\RHI\OpenGL</Filter>
    </ClCompile>
    <ClCompile Include="$(XmakeProjectDir)\src\Runtime\RHI\RenderEnum.cpp">
      <Filter>src\Runtime\RHI</Filter>
    </ClCompile>
    <ClCompile Include="$(XmakeProjectDir)\src\Runtime\RHI\RenderPass.cpp">
      <Filter>src\Runtime\RHI</Filter>
    </ClCompile>
    <ClCompile Include="$(XmakeProjectDir)\src\Runtime\RHI\RenderState.cpp">
      <Filter>src\Runtime\RHI</Filter>
    </ClCompile>
    <ClCompile Include="$(XmakeProjectDir)\src\Runtime\RHI\RenderUtils.cpp">
      <Filter>src\Runtime\RHI</Filter>
    </ClCompile>
    <ClCompile Include="$(XmakeProjectDir)\src\Runtime\RHI\Shader.cpp">
      <Filter>src\Runtime\RHI</Filter>
    </ClCompile>
    <ClCompile Include="$(XmakeProjectDir)\src\Runtime\RHI\UniformBuffer.cpp">
      <Filter>src\Runtime\RHI</Filter>
    </ClCompile>
    <ClCompile Include="$(XmakeProjectDir)\src\Runtime\RHI\VertexArray.cpp">
      <Filter>src\Runtime\RHI</Filter>
    </ClCompile>
    <ClCompile Include="$(XmakeProjectDir)\src\Runtime\RHI\VertexBuffer.cpp">
      <Filter>src\Runtime\RHI</Filter>
    </ClCompile>
    <ClCompile Include="$(XmakeProjectDir)\src\Runtime\Render\DefaultSetting.cpp">
      <Filter>src\Runtime\Render</Filter>
    </ClCompile>
    <ClCompile Include="$(XmakeProjectDir)\src\Runtime\Render\DeferRender.cpp">
      <Filter>src\Runtime\Render</Filter>
    </ClCompile>
    <ClCompile Include="$(XmakeProjectDir)\src\Runtime\Render\MyRender.cpp">
      <Filter>src\Runtime\Render</Filter>
    </ClCompile>
    <ClCompile Include="$(XmakeProjectDir)\src\Runtime\Render\RenderState.cpp">
      <Filter>src\Runtime\Render</Filter>
    </ClCompile>
    <ClCompile Include="$(XmakeProjectDir)\src\Runtime\Render\Window.cpp">
      <Filter>src\Runtime\Render</Filter>
    </ClCompile>
    <ClCompile Include="$(XmakeProjectDir)\src\Runtime\Utils\Singleton.cpp">
      <Filter>src\Runtime\Utils</Filter>
    </ClCompile>



  </ItemGroup>
  <ItemGroup>

  </ItemGroup>
  <ItemGroup>


  </ItemGroup>
  <Import Condition="Exists('$(MSBuildThisFileDirectory)\Xmake.Custom.files.filters')"
    Project="$(MSBuildThisFileDirectory)\Xmake.Custom.files.filters" />
</Project>
